
Microsoft Visual Studio Solution File, Format Version 12.00
# Visual Studio Version 16
VisualStudioVersion = 16.0.30225.117
MinimumVisualStudioVersion = 10.0.40219.1
Project("{9092AA53-FB77-4645-B42D-1CCCA6BD08BD}") = "workshop", "workshop.njsproj", "{E73C3FB2-A441-40B5-B201-EF97F7DF49F0}"
EndProject
Global
	GlobalSection(SolutionConfigurationPlatforms) = preSolution
		Debug|Any CPU = Debug|Any CPU
		Release|Any CPU = Release|Any CPU
	EndGlobalSection
	GlobalSection(ProjectConfigurationPlatforms) = postSolution
		{E73C3FB2-A441-40B5-B201-EF97F7DF49F0}.Debug|Any CPU.ActiveCfg = Debug|Any CPU
		{E73C3FB2-A441-40B5-B201-EF97F7DF49F0}.Debug|Any CPU.Build.0 = Debug|Any CPU
		{E73C3FB2-A441-40B5-B201-EF97F7DF49F0}.Release|Any CPU.ActiveCfg = Release|Any CPU
		{E73C3FB2-A441-40B5-B201-EF97F7DF49F0}.Release|Any CPU.Build.0 = Release|Any CPU
	EndGlobalSection
	GlobalSection(SolutionProperties) = preSolution
		HideSolutionNode = FALSE
	EndGlobalSection
	GlobalSection(ExtensibilityGlobals) = postSolution
		SolutionGuid = {03D777DD-8ECD-49B5-AEAD-B48AF51D7436}
	EndGlobalSection
EndGlobal
