
Microsoft Visual Studio Solution File, Format Version 12.00
# Visual Studio Version 16
VisualStudioVersion = 16.0.30309.148
MinimumVisualStudioVersion = 10.0.40219.1
Project("{9092AA53-FB77-4645-B42D-1CCCA6BD08BD}") = "workshop", "workshop.njsproj", "{5999DD43-E293-415D-96AC-00F461E29B22}"
EndProject
Global
	GlobalSection(SolutionConfigurationPlatforms) = preSolution
		Debug|Any CPU = Debug|Any CPU
		Release|Any CPU = Release|Any CPU
	EndGlobalSection
	GlobalSection(ProjectConfigurationPlatforms) = postSolution
		{5999DD43-E293-415D-96AC-00F461E29B22}.Debug|Any CPU.ActiveCfg = Debug|Any CPU
		{5999DD43-E293-415D-96AC-00F461E29B22}.Debug|Any CPU.Build.0 = Debug|Any CPU
		{5999DD43-E293-415D-96AC-00F461E29B22}.Release|Any CPU.ActiveCfg = Release|Any CPU
		{5999DD43-E293-415D-96AC-00F461E29B22}.Release|Any CPU.Build.0 = Release|Any CPU
	EndGlobalSection
	GlobalSection(SolutionProperties) = preSolution
		HideSolutionNode = FALSE
	EndGlobalSection
	GlobalSection(ExtensibilityGlobals) = postSolution
		SolutionGuid = {6A32BED1-24B4-4321-A813-8733C4C9AB49}
	EndGlobalSection
EndGlobal
